// !$*UTF8*$!
{
	archiveVersion = 1;
	classes = {
	};
	objectVersion = 46;
	objects = {

/* Begin PBXBuildFile section */
		14A1515115C760F000FF2C1D /* UIKit.framework in Frameworks */ = {isa = PBXBuildFile; fileRef = 14A1515015C760F000FF2C1D /* UIKit.framework */; };
		14A1515315C760F000FF2C1D /* Foundation.framework in Frameworks */ = {isa = PBXBuildFile; fileRef = 14A1515215C760F000FF2C1D /* Foundation.framework */; };
		14A1515515C760F000FF2C1D /* CoreGraphics.framework in Frameworks */ = {isa = PBXBuildFile; fileRef = 14A1515415C760F000FF2C1D /* CoreGraphics.framework */; };
		14A1515B15C760F000FF2C1D /* InfoPlist.strings in Resources */ = {isa = PBXBuildFile; fileRef = 14A1515915C760F000FF2C1D /* InfoPlist.strings */; };
		14A1515D15C760F000FF2C1D /* main.m in Sources */ = {isa = PBXBuildFile; fileRef = 14A1515C15C760F000FF2C1D /* main.m */; };
		14A1516115C760F000FF2C1D /* AppDelegate.m in Sources */ = {isa = PBXBuildFile; fileRef = 14A1516015C760F000FF2C1D /* AppDelegate.m */; };
		14A1516415C760F100FF2C1D /* MainStoryboard_iPhone.storyboard in Resources */ = {isa = PBXBuildFile; fileRef = 14A1516215C760F000FF2C1D /* MainStoryboard_iPhone.storyboard */; };
		14A1516715C760F100FF2C1D /* MainStoryboard_iPad.storyboard in Resources */ = {isa = PBXBuildFile; fileRef = 14A1516515C760F100FF2C1D /* MainStoryboard_iPad.storyboard */; };
		14A1516A15C760F100FF2C1D /* ViewController.m in Sources */ = {isa = PBXBuildFile; fileRef = 14A1516915C760F100FF2C1D /* ViewController.m */; };
/* End PBXBuildFile section */

/* Begin PBXFileReference section */
		14A1514C15C760F000FF2C1D /* saver.app */ = {isa = PBXFileReference; explicitFileType = wrapper.application; includeInIndex = 0; path = saver.app; sourceTree = BUILT_PRODUCTS_DIR; };
		14A1515015C760F000FF2C1D /* UIKit.framework */ = {isa = PBXFileReference; lastKnownFileType = wrapper.framework; name = UIKit.framework; path = System/Library/Frameworks/UIKit.framework; sourceTree = SDKROOT; };
		14A1515215C760F000FF2C1D /* Foundation.framework */ = {isa = PBXFileReference; lastKnownFileType = wrapper.framework; name = Foundation.framework; path = System/Library/Frameworks/Foundation.framework; sourceTree = SDKROOT; };
		14A1515415C760F000FF2C1D /* CoreGraphics.framework */ = {isa = PBXFileReference; lastKnownFileType = wrapper.framework; name = CoreGraphics.framework; path = System/Library/Frameworks/CoreGraphics.framework; sourceTree = SDKROOT; };
		14A1515815C760F000FF2C1D /* saver-Info.plist */ = {isa = PBXFileReference; path = "saver-Info.plist"; sourceTree = "<group>"; };
		14A1515A15C760F000FF2C1D /* en */ = {isa = PBXFileReference; lastKnownFileType = text.plist.strings; name = en; path = en.lproj/InfoPlist.strings; sourceTree = "<group>"; };
		14A1515C15C760F000FF2C1D /* main.m */ = {isa = PBXFileReference; lastKnownFileType = sourcecode.c.objc; path = main.m; sourceTree = "<group>"; };
		14A1515E15C760F000FF2C1D /* saver-Prefix.pch */ = {isa = PBXFileReference; path = "saver-Prefix.pch"; sourceTree = "<group>"; };
		14A1515F15C760F000FF2C1D /* AppDelegate.h */ = {isa = PBXFileReference; path = AppDelegate.h; sourceTree = "<group>"; };
		14A1516015C760F000FF2C1D /* AppDelegate.m */ = {isa = PBXFileReference; lastKnownFileType = sourcecode.c.objc; path = AppDelegate.m; sourceTree = "<group>"; };
		14A1516315C760F100FF2C1D /* en */ = {isa = PBXFileReference; lastKnownFileType = file.storyboard; name = en; path = en.lproj/MainStoryboard_iPhone.storyboard; sourceTree = "<group>"; };
		14A1516615C760F100FF2C1D /* en */ = {isa = PBXFileReference; lastKnownFileType = file.storyboard; name = en; path = en.lproj/MainStoryboard_iPad.storyboard; sourceTree = "<group>"; };
		14A1516815C760F100FF2C1D /* ViewController.h */ = {isa = PBXFileReference; path = ViewController.h; sourceTree = "<group>"; };
		14A1516915C760F100FF2C1D /* ViewController.m */ = {isa = PBXFileReference; lastKnownFileType = sourcecode.c.objc; path = ViewController.m; sourceTree = "<group>"; };
/* End PBXFileReference section */

/* Begin PBXFrameworksBuildPhase section */
		14A1514915C760F000FF2C1D /* Frameworks */ = {
			isa = PBXFrameworksBuildPhase;
			buildActionMask = 2147483647;
			files = (
				14A1515115C760F000FF2C1D /* UIKit.framework in Frameworks */,
				14A1515315C760F000FF2C1D /* Foundation.framework in Frameworks */,
				14A1515515C760F000FF2C1D /* CoreGraphics.framework in Frameworks */,
			);
			runOnlyForDeploymentPostprocessing = 0;
		};
/* End PBXFrameworksBuildPhase section */

/* Begin PBXGroup section */
		14A1514115C760F000FF2C1D = {
			isa = PBXGroup;
			children = (
				14A1515615C760F000FF2C1D /* saver */,
				14A1514F15C760F000FF2C1D /* Frameworks */,
				14A1514D15C760F000FF2C1D /* Products */,
			);
			sourceTree = "<group>";
		};
		14A1514D15C760F000FF2C1D /* Products */ = {
			isa = PBXGroup;
			children = (
				14A1514C15C760F000FF2C1D /* saver.app */,
			);
			name = Products;
			sourceTree = "<group>";
		};
		14A1514F15C760F000FF2C1D /* Frameworks */ = {
			isa = PBXGroup;
			children = (
				14A1515015C760F000FF2C1D /* UIKit.framework */,
				14A1515215C760F000FF2C1D /* Foundation.framework */,
				14A1515415C760F000FF2C1D /* CoreGraphics.framework */,
			);
			name = Frameworks;
			sourceTree = "<group>";
		};
		14A1515615C760F000FF2C1D /* saver */ = {
			isa = PBXGroup;
			children = (
				14A1515F15C760F000FF2C1D /* AppDelegate.h */,
				14A1516015C760F000FF2C1D /* AppDelegate.m */,
				14A1516215C760F000FF2C1D /* MainStoryboard_iPhone.storyboard */,
				14A1516515C760F100FF2C1D /* MainStoryboard_iPad.storyboard */,
				14A1516815C760F100FF2C1D /* ViewController.h */,
				14A1516915C760F100FF2C1D /* ViewController.m */,
				14A1515715C760F000FF2C1D /* Supporting Files */,
			);
			path = saver;
			sourceTree = "<group>";
		};
		14A1515715C760F000FF2C1D /* Supporting Files */ = {
			isa = PBXGroup;
			children = (
				14A1515815C760F000FF2C1D /* saver-Info.plist */,
				14A1515915C760F000FF2C1D /* InfoPlist.strings */,
				14A1515C15C760F000FF2C1D /* main.m */,
				14A1515E15C760F000FF2C1D /* saver-Prefix.pch */,
			);
			name = "Supporting Files";
			sourceTree = "<group>";
		};
/* End PBXGroup section */

/* Begin PBXNativeTarget section */
		14A1514B15C760F000FF2C1D /* saver */ = {
			isa = PBXNativeTarget;
			buildConfigurationList = 14A1516D15C760F100FF2C1D /* Build configuration list for PBXNativeTarget "saver" */;
			buildPhases = (
				14A1514815C760F000FF2C1D /* Sources */,
				14A1514915C760F000FF2C1D /* Frameworks */,
				14A1514A15C760F000FF2C1D /* Resources */,
			);
			buildRules = (
			);
			dependencies = (
			);
			name = saver;
			productName = saver;
			productReference = 14A1514C15C760F000FF2C1D /* saver.app */;
			productType = "com.apple.product-type.application";
		};
/* End PBXNativeTarget section */

/* Begin PBXProject section */
		14A1514315C760F000FF2C1D /* Project object */ = {
			isa = PBXProject;
			attributes = {
				LastUpgradeCheck = 0420;
			};
			buildConfigurationList = 14A1514615C760F000FF2C1D /* Build configuration list for PBXProject "saver" */;
			compatibilityVersion = "Xcode 3.2";
			developmentRegion = English;
			hasScannedForEncodings = 0;
			knownRegions = (
				en,
			);
			mainGroup = 14A1514115C760F000FF2C1D;
			productRefGroup = 14A1514D15C760F000FF2C1D /* Products */;
			projectDirPath = "";
			projectRoot = "";
			targets = (
				14A1514B15C760F000FF2C1D /* saver */,
			);
		};
/* End PBXProject section */

/* Begin PBXResourcesBuildPhase section */
		14A1514A15C760F000FF2C1D /* Resources */ = {
			isa = PBXResourcesBuildPhase;
			buildActionMask = 2147483647;
			files = (
				14A1515B15C760F000FF2C1D /* InfoPlist.strings in Resources */,
				14A1516415C760F100FF2C1D /* MainStoryboard_iPhone.storyboard in Resources */,
				14A1516715C760F100FF2C1D /* MainStoryboard_iPad.storyboard in Resources */,
			);
			runOnlyForDeploymentPostprocessing = 0;
		};
/* End PBXResourcesBuildPhase section */

/* Begin PBXSourcesBuildPhase section */
		14A1514815C760F000FF2C1D /* Sources */ = {
			isa = PBXSourcesBuildPhase;
			buildActionMask = 2147483647;
			files = (
				14A1515D15C760F000FF2C1D /* main.m in Sources */,
				14A1516115C760F000FF2C1D /* AppDelegate.m in Sources */,
				14A1516A15C760F100FF2C1D /* ViewController.m in Sources */,
			);
			runOnlyForDeploymentPostprocessing = 0;
		};
/* End PBXSourcesBuildPhase section */

/* Begin PBXVariantGroup section */
		14A1515915C760F000FF2C1D /* InfoPlist.strings */ = {
			isa = PBXVariantGroup;
			children = (
				14A1515A15C760F000FF2C1D /* en */,
			);
			name = InfoPlist.strings;
			sourceTree = "<group>";
		};
		14A1516215C760F000FF2C1D /* MainStoryboard_iPhone.storyboard */ = {
			isa = PBXVariantGroup;
			children = (
				14A1516315C760F100FF2C1D /* en */,
			);
			name = MainStoryboard_iPhone.storyboard;
			sourceTree = "<group>";
		};
		14A1516515C760F100FF2C1D /* MainStoryboard_iPad.storyboard */ = {
			isa = PBXVariantGroup;
			children = (
				14A1516615C760F100FF2C1D /* en */,
			);
			name = MainStoryboard_iPad.storyboard;
			sourceTree = "<group>";
		};
/* End PBXVariantGroup section */

/* Begin XCBuildConfiguration section */
		14A1516B15C760F100FF2C1D /* Debug */ = {
			isa = XCBuildConfiguration;
			buildSettings = {
				ALWAYS_SEARCH_USER_PATHS = NO;
				ARCHS = "$(ARCHS_STANDARD_32_BIT)";
				CLANG_ENABLE_OBJC_ARC = YES;
				"CODE_SIGN_IDENTITY[sdk=iphoneos*]" = "iPhone Developer";
				COPY_PHASE_STRIP = NO;
				GCC_C_LANGUAGE_STANDARD = gnu99;
				GCC_DYNAMIC_NO_PIC = NO;
				GCC_OPTIMIZATION_LEVEL = 0;
				GCC_PREPROCESSOR_DEFINITIONS = (
					"DEBUG=1",
					"$(inherited)",
				);
				GCC_SYMBOLS_PRIVATE_EXTERN = NO;
				GCC_VERSION = com.apple.compilers.llvm.clang.1_0;
				GCC_WARN_ABOUT_MISSING_PROTOTYPES = YES;
				GCC_WARN_ABOUT_RETURN_TYPE = YES;
				GCC_WARN_UNUSED_VARIABLE = YES;
				IPHONEOS_DEPLOYMENT_TARGET = 5.0;
				SDKROOT = iphoneos;
				TARGETED_DEVICE_FAMILY = "1,2";
			};
			name = Debug;
		};
		14A1516C15C760F100FF2C1D /* Release */ = {
			isa = XCBuildConfiguration;
			buildSettings = {
				ALWAYS_SEARCH_USER_PATHS = NO;
				ARCHS = "$(ARCHS_STANDARD_32_BIT)";
				CLANG_ENABLE_OBJC_ARC = YES;
				"CODE_SIGN_IDENTITY[sdk=iphoneos*]" = "iPhone Developer";
				COPY_PHASE_STRIP = YES;
				GCC_C_LANGUAGE_STANDARD = gnu99;
				GCC_VERSION = com.apple.compilers.llvm.clang.1_0;
				GCC_WARN_ABOUT_MISSING_PROTOTYPES = YES;
				GCC_WARN_ABOUT_RETURN_TYPE = YES;
				GCC_WARN_UNUSED_VARIABLE = YES;
				IPHONEOS_DEPLOYMENT_TARGET = 5.0;
				OTHER_CFLAGS = "-DNS_BLOCK_ASSERTIONS=1";
				SDKROOT = iphoneos;
				TARGETED_DEVICE_FAMILY = "1,2";
				VALIDATE_PRODUCT = YES;
			};
			name = Release;
		};
		14A1516E15C760F100FF2C1D /* Debug */ = {
			isa = XCBuildConfiguration;
			buildSettings = {
				GCC_PRECOMPILE_PREFIX_HEADER = YES;
				GCC_PREFIX_HEADER = "saver/saver-Prefix.pch";
				INFOPLIST_FILE = "saver/saver-Info.plist";
				PRODUCT_NAME = "$(TARGET_NAME)";
				WRAPPER_EXTENSION = app;
			};
			name = Debug;
		};
		14A1516F15C760F100FF2C1D /* Release */ = {
			isa = XCBuildConfiguration;
			buildSettings = {
				GCC_PRECOMPILE_PREFIX_HEADER = YES;
				GCC_PREFIX_HEADER = "saver/saver-Prefix.pch";
				INFOPLIST_FILE = "saver/saver-Info.plist";
				PRODUCT_NAME = "$(TARGET_NAME)";
				WRAPPER_EXTENSION = app;
			};
			name = Release;
		};
/* End XCBuildConfiguration section */

/* Begin XCConfigurationList section */
		14A1514615C760F000FF2C1D /* Build configuration list for PBXProject "saver" */ = {
			isa = XCConfigurationList;
			buildConfigurations = (
				14A1516B15C760F100FF2C1D /* Debug */,
				14A1516C15C760F100FF2C1D /* Release */,
			);
			defaultConfigurationIsVisible = 0;
			defaultConfigurationName = Release;
		};
		14A1516D15C760F100FF2C1D /* Build configuration list for PBXNativeTarget "saver" */ = {
			isa = XCConfigurationList;
			buildConfigurations = (
				14A1516E15C760F100FF2C1D /* Debug */,
				14A1516F15C760F100FF2C1D /* Release */,
			);
			defaultConfigurationIsVisible = 0;
		};
/* End XCConfigurationList section */
	};
	rootObject = 14A1514315C760F000FF2C1D /* Project object */;
}
